
Microsoft Visual Studio Solution File, Format Version 12.00
# Visual Studio Version 16
VisualStudioVersion = 16.0.30204.135
MinimumVisualStudioVersion = 10.0.40219.1
Project("{FAE04EC0-301F-11D3-BF4B-00C04F79EFBC}") = "GerenciamentoAniversarioAspNet", "GerenciamentoAniversarioAspNet\GerenciamentoAniversarioAspNet.csproj", "{D7445949-EED6-43A1-BB61-CB9B0CAABADF}"
EndProject
Global
	GlobalSection(SolutionConfigurationPlatforms) = preSolution
		Debug|Any CPU = Debug|Any CPU
		Release|Any CPU = Release|Any CPU
	EndGlobalSection
	GlobalSection(ProjectConfigurationPlatforms) = postSolution
		{D7445949-EED6-43A1-BB61-CB9B0CAABADF}.Debug|Any CPU.ActiveCfg = Debug|Any CPU
		{D7445949-EED6-43A1-BB61-CB9B0CAABADF}.Debug|Any CPU.Build.0 = Debug|Any CPU
		{D7445949-EED6-43A1-BB61-CB9B0CAABADF}.Release|Any CPU.ActiveCfg = Release|Any CPU
		{D7445949-EED6-43A1-BB61-CB9B0CAABADF}.Release|Any CPU.Build.0 = Release|Any CPU
	EndGlobalSection
	GlobalSection(SolutionProperties) = preSolution
		HideSolutionNode = FALSE
	EndGlobalSection
	GlobalSection(ExtensibilityGlobals) = postSolution
		SolutionGuid = {2C8B06D0-1BD9-4268-958C-FBA0B42FD5E3}
	EndGlobalSection
EndGlobal
